#MicroXplorer Configuration settings - do not modify
CAN1.BS1=CAN_BS1_1TQ
CAN1.BS2=CAN_BS2_1TQ
CAN1.CalculateTimeQuantum=333.3333333333333
CAN1.IPParameters=CalculateTimeQuantum,BS1,BS2
Dma.Request0=USART2_RX
Dma.Request1=USART6_RX
Dma.Request2=USART1_RX
Dma.Request3=UART8_RX
Dma.RequestsNb=4
Dma.UART8_RX.3.Direction=DMA_PERIPH_TO_MEMORY
Dma.UART8_RX.3.FIFOMode=DMA_FIFOMODE_DISABLE
Dma.UART8_RX.3.Instance=DMA1_Stream6
Dma.UART8_RX.3.MemDataAlignment=DMA_MDATAALIGN_BYTE
Dma.UART8_RX.3.MemInc=DMA_MINC_ENABLE
Dma.UART8_RX.3.Mode=DMA_CIRCULAR
Dma.UART8_RX.3.PeriphDataAlignment=DMA_PDATAALIGN_BYTE
Dma.UART8_RX.3.PeriphInc=DMA_PINC_DISABLE
Dma.UART8_RX.3.Priority=DMA_PRIORITY_LOW
Dma.UART8_RX.3.RequestParameters=Instance,Direction,PeriphInc,MemInc,PeriphDataAlignment,MemDataAlignment,Mode,Priority,FIFOMode
Dma.USART1_RX.2.Direction=DMA_PERIPH_TO_MEMORY
Dma.USART1_RX.2.FIFOMode=DMA_FIFOMODE_DISABLE
Dma.USART1_RX.2.Instance=DMA2_Stream2
Dma.USART1_RX.2.MemDataAlignment=DMA_MDATAALIGN_BYTE
Dma.USART1_RX.2.MemInc=DMA_MINC_ENABLE
Dma.USART1_RX.2.Mode=DMA_CIRCULAR
Dma.USART1_RX.2.PeriphDataAlignment=DMA_PDATAALIGN_BYTE
Dma.USART1_RX.2.PeriphInc=DMA_PINC_DISABLE
Dma.USART1_RX.2.Priority=DMA_PRIORITY_LOW
Dma.USART1_RX.2.RequestParameters=Instance,Direction,PeriphInc,MemInc,PeriphDataAlignment,MemDataAlignment,Mode,Priority,FIFOMode
Dma.USART2_RX.0.Direction=DMA_PERIPH_TO_MEMORY
Dma.USART2_RX.0.FIFOMode=DMA_FIFOMODE_DISABLE
Dma.USART2_RX.0.Instance=DMA1_Stream5
Dma.USART2_RX.0.MemDataAlignment=DMA_MDATAALIGN_BYTE
Dma.USART2_RX.0.MemInc=DMA_MINC_ENABLE
Dma.USART2_RX.0.Mode=DMA_CIRCULAR
Dma.USART2_RX.0.PeriphDataAlignment=DMA_PDATAALIGN_BYTE
Dma.USART2_RX.0.PeriphInc=DMA_PINC_DISABLE
Dma.USART2_RX.0.Priority=DMA_PRIORITY_LOW
Dma.USART2_RX.0.RequestParameters=Instance,Direction,PeriphInc,MemInc,PeriphDataAlignment,MemDataAlignment,Mode,Priority,FIFOMode
Dma.USART6_RX.1.Direction=DMA_PERIPH_TO_MEMORY
Dma.USART6_RX.1.FIFOMode=DMA_FIFOMODE_DISABLE
Dma.USART6_RX.1.Instance=DMA2_Stream1
Dma.USART6_RX.1.MemDataAlignment=DMA_MDATAALIGN_BYTE
Dma.USART6_RX.1.MemInc=DMA_MINC_ENABLE
Dma.USART6_RX.1.Mode=DMA_CIRCULAR
Dma.USART6_RX.1.PeriphDataAlignment=DMA_PDATAALIGN_BYTE
Dma.USART6_RX.1.PeriphInc=DMA_PINC_DISABLE
Dma.USART6_RX.1.Priority=DMA_PRIORITY_LOW
Dma.USART6_RX.1.RequestParameters=Instance,Direction,PeriphInc,MemInc,PeriphDataAlignment,MemDataAlignment,Mode,Priority,FIFOMode
File.Version=6
GPIO.groupedBy=Group By Peripherals
KeepUserPlacement=false
Mcu.Family=STM32F4
Mcu.IP0=CAN1
Mcu.IP1=DMA
Mcu.IP10=TIM3
Mcu.IP11=UART8
Mcu.IP12=USART1
Mcu.IP13=USART2
Mcu.IP14=USART6
Mcu.IP2=IWDG
Mcu.IP3=NVIC
Mcu.IP4=RCC
Mcu.IP5=RNG
Mcu.IP6=SPI1
Mcu.IP7=SPI2
Mcu.IP8=SPI4
Mcu.IP9=SYS
Mcu.IPNb=15
Mcu.Name=STM32F413V(G-H)Tx
Mcu.Package=LQFP100
Mcu.Pin0=PE2
Mcu.Pin1=PE3
Mcu.Pin10=PA0
Mcu.Pin11=PA1
Mcu.Pin12=PA2
Mcu.Pin13=PA3
Mcu.Pin14=PA4
Mcu.Pin15=PA5
Mcu.Pin16=PA6
Mcu.Pin17=PA7
Mcu.Pin18=PC4
Mcu.Pin19=PC5
Mcu.Pin2=PE4
Mcu.Pin20=PB0
Mcu.Pin21=PB1
Mcu.Pin22=PB2
Mcu.Pin23=PE9
Mcu.Pin24=PE10
Mcu.Pin25=PE11
Mcu.Pin26=PE12
Mcu.Pin27=PE13
Mcu.Pin28=PE14
Mcu.Pin29=PE15
Mcu.Pin3=PE5
Mcu.Pin30=PB10
Mcu.Pin31=PB12
Mcu.Pin32=PB13
Mcu.Pin33=PB15
Mcu.Pin34=PC6
Mcu.Pin35=PC7
Mcu.Pin36=PA9
Mcu.Pin37=PA10
Mcu.Pin38=PA13
Mcu.Pin39=PA14
Mcu.Pin4=PC13
Mcu.Pin40=PA15
Mcu.Pin41=PC10
Mcu.Pin42=PD0
Mcu.Pin43=PD1
Mcu.Pin44=PB3
Mcu.Pin45=PB5
Mcu.Pin46=PB7
Mcu.Pin47=PB8
Mcu.Pin48=PB9
Mcu.Pin49=PE0
Mcu.Pin5=PH0 - OSC_IN
Mcu.Pin50=PE1
Mcu.Pin51=VP_IWDG_VS_IWDG
Mcu.Pin52=VP_RNG_VS_RNG
Mcu.Pin53=VP_SYS_VS_Systick
Mcu.Pin54=VP_TIM3_VS_ClockSourceINT
Mcu.Pin6=PH1 - OSC_OUT
Mcu.Pin7=PC0
Mcu.Pin8=PC1
Mcu.Pin9=PC2
Mcu.PinsNb=55
Mcu.ThirdPartyNb=0
Mcu.UserConstants=
Mcu.UserName=STM32F413VGTx
MxCube.Version=6.0.1
MxDb.Version=DB.6.0.0
NVIC.BusFault_IRQn=true\:0\:0\:false\:false\:true\:false\:false
NVIC.DMA1_Stream5_IRQn=true\:0\:0\:false\:false\:true\:false\:true
NVIC.DMA1_Stream6_IRQn=true\:0\:0\:false\:false\:true\:false\:true
NVIC.DMA2_Stream1_IRQn=true\:0\:0\:false\:false\:true\:false\:true
NVIC.DMA2_Stream2_IRQn=true\:0\:0\:false\:false\:true\:false\:true
NVIC.DebugMonitor_IRQn=true\:0\:0\:false\:false\:true\:false\:false
NVIC.EXTI0_IRQn=true\:0\:0\:false\:false\:true\:true\:true
NVIC.EXTI1_IRQn=true\:0\:0\:false\:false\:true\:true\:true
NVIC.ForceEnableDMAVector=true
NVIC.HardFault_IRQn=true\:0\:0\:false\:false\:true\:false\:false
NVIC.MemoryManagement_IRQn=true\:0\:0\:false\:false\:true\:false\:false
NVIC.NonMaskableInt_IRQn=true\:0\:0\:false\:false\:true\:false\:false
NVIC.PendSV_IRQn=true\:0\:0\:false\:false\:true\:false\:false
NVIC.PriorityGroup=NVIC_PRIORITYGROUP_4
NVIC.SVCall_IRQn=true\:0\:0\:false\:false\:true\:false\:false
NVIC.SysTick_IRQn=true\:0\:0\:false\:false\:true\:false\:true
NVIC.UsageFault_IRQn=true\:0\:0\:false\:false\:true\:false\:false
PA0.GPIOParameters=GPIO_Label
PA0.GPIO_Label=CMX_PWR_CTRL
PA0.Locked=true
PA0.Signal=GPIO_Output
PA1.GPIOParameters=GPIO_Label
PA1.GPIO_Label=GPS_EXTINT
PA1.Locked=true
PA1.Signal=GPIO_Output
PA10.Locked=true
PA10.Mode=Asynchronous
PA10.Signal=USART1_RX
PA13.Locked=true
PA13.Mode=JTAG_4_pins
PA13.Signal=SYS_JTMS-SWDIO
PA14.Locked=true
PA14.Mode=JTAG_4_pins
PA14.Signal=SYS_JTCK-SWCLK
PA15.Locked=true
PA15.Mode=JTAG_4_pins
PA15.Signal=SYS_JTDI
PA2.Locked=true
PA2.Mode=Asynchronous
PA2.Signal=USART2_TX
PA3.Locked=true
PA3.Mode=Asynchronous
PA3.Signal=USART2_RX
PA4.GPIOParameters=GPIO_Label
PA4.GPIO_Label=CBUS_CSN
PA4.Locked=true
PA4.Signal=GPIO_Output
PA5.GPIOParameters=GPIO_Label
PA5.GPIO_Label=CBUS_SCK
PA5.Locked=true
PA5.Mode=Full_Duplex_Master
PA5.Signal=SPI1_SCK
PA6.GPIOParameters=GPIO_Label
PA6.GPIO_Label=CBUS_RDATA
PA6.Locked=true
PA6.Mode=Full_Duplex_Master
PA6.Signal=SPI1_MISO
PA7.GPIOParameters=GPIO_Label
PA7.GPIO_Label=CBUS_CDATA
PA7.Locked=true
PA7.Mode=Full_Duplex_Master
PA7.Signal=SPI1_MOSI
PA9.Locked=true
PA9.Mode=Asynchronous
PA9.Signal=USART1_TX
PB0.GPIOParameters=GPIO_Label
PB0.GPIO_Label=SLOT_CLK
PB0.Locked=true
PB0.Signal=S_TIM3_CH3
PB1.GPIOParameters=GPIO_Label
PB1.GPIO_Label=GPIO_B1
PB1.Locked=true
PB1.Signal=GPIO_Input
PB10.GPIOParameters=GPIO_Label
PB10.GPIO_Label=LOCK_DET_RXB
PB10.Locked=true
PB10.Signal=GPIO_Input
PB12.GPIOParameters=GPIO_Label
PB12.GPIO_Label=LOCK_DET_RXA
PB12.Locked=true
PB12.Signal=GPIO_Input
PB13.Locked=true
PB13.Mode=Full_Duplex_Master
PB13.Signal=SPI2_SCK
PB15.Locked=true
PB15.Mode=Full_Duplex_Master
PB15.Signal=SPI2_MOSI
PB2.GPIOParameters=GPIO_Label
PB2.GPIO_Label=GPIO_B2
PB2.Locked=true
PB2.Signal=GPIO_Input
PB3.Locked=true
PB3.Mode=JTAG_4_pins
PB3.Signal=SYS_JTDO-SWO
PB5.GPIOParameters=GPIO_Label
PB5.GPIO_Label=RX_ON
PB5.Locked=true
PB5.Signal=GPIO_Output
PB7.GPIOParameters=GPIO_Label
PB7.GPIO_Label=GPS_RST
PB7.Locked=true
PB7.Signal=GPIO_Output
PB8.Locked=true
PB8.Mode=Master
PB8.Signal=CAN1_RX
PB9.Locked=true
PB9.Mode=Master
PB9.Signal=CAN1_TX
PC0.GPIOParameters=GPIO_Label,GPIO_ModeDefaultEXTI
PC0.GPIO_Label=CMX7032_IRQ
PC0.GPIO_ModeDefaultEXTI=GPIO_MODE_IT_FALLING
PC0.Locked=true
PC0.Signal=GPXTI0
PC1.GPIOParameters=GPIO_Label
PC1.GPIO_Label=GPS_PPS
PC1.Locked=true
PC1.Signal=GPXTI1
PC10.GPIOParameters=GPIO_Label
PC10.GPIO_Label=PA_TEST_EN
PC10.Locked=true
PC10.Signal=GPIO_Output
PC13.GPIOParameters=GPIO_Label
PC13.GPIO_Label=SYNC_OUT_TEST
PC13.Locked=true
PC13.Signal=GPIO_Input
PC2.Locked=true
PC2.Mode=Full_Duplex_Master
PC2.Signal=SPI2_MISO
PC4.GPIOParameters=GPIO_Label
PC4.GPIO_Label=GPIO_C4
PC4.Locked=true
PC4.Signal=GPIO_Input
PC5.GPIOParameters=GPIO_Label
PC5.GPIO_Label=GPIO_C5
PC5.Locked=true
PC5.Signal=GPIO_Input
PC6.Locked=true
PC6.Mode=Asynchronous
PC6.Signal=USART6_TX
PC7.Locked=true
PC7.Mode=Asynchronous
PC7.Signal=USART6_RX
PD0.GPIOParameters=GPIO_Label
PD0.GPIO_Label=SPI_SSEL1
PD0.Locked=true
PD0.Signal=GPIO_Output
PD1.GPIOParameters=GPIO_Label
PD1.GPIO_Label=SPI_SSEL2
PD1.Locked=true
PD1.Signal=GPIO_Output
PE0.Locked=true
PE0.Mode=Asynchronous
PE0.Signal=UART8_RX
PE1.Locked=true
PE1.Mode=Asynchronous
PE1.Signal=UART8_TX
PE10.GPIOParameters=GPIO_Label
PE10.GPIO_Label=FLASH_RST
PE10.Locked=true
PE10.Signal=GPIO_Output
PE11.GPIOParameters=GPIO_Label
PE11.GPIO_Label=FLASH_NSS
PE11.Locked=true
PE11.Signal=GPIO_Output
PE12.GPIOParameters=GPIO_Label
PE12.GPIO_Label=FLASH_SCK
PE12.Locked=true
PE12.Mode=Full_Duplex_Master
PE12.Signal=SPI4_SCK
PE13.GPIOParameters=GPIO_Label
PE13.GPIO_Label=FLASH_MISO
PE13.Locked=true
PE13.Mode=Full_Duplex_Master
PE13.Signal=SPI4_MISO
PE14.GPIOParameters=GPIO_Label
PE14.GPIO_Label=FLASH_MOSI
PE14.Locked=true
PE14.Mode=Full_Duplex_Master
PE14.Signal=SPI4_MOSI
PE15.GPIOParameters=GPIO_Label
PE15.GPIO_Label=FLASH_WP
PE15.Locked=true
PE15.Signal=GPIO_Output
PE2.GPIOParameters=GPIO_Label
PE2.GPIO_Label=LED_TX
PE2.Locked=true
PE2.Signal=GPIO_Output
PE3.GPIOParameters=GPIO_Label
PE3.GPIO_Label=LED_ACT
PE3.Locked=true
PE3.Signal=GPIO_Output
PE4.GPIOParameters=GPIO_Label
PE4.GPIO_Label=LED_CH1
PE4.Locked=true
PE4.Signal=GPIO_Output
PE5.GPIOParameters=GPIO_Label
PE5.GPIO_Label=LED_CH2
PE5.Locked=true
PE5.Signal=GPIO_Output
PE9.GPIOParameters=GPIO_Label
PE9.GPIO_Label=TX_VCO_EN
PE9.Locked=true
PE9.Signal=GPIO_Output
PH0\ -\ OSC_IN.Mode=HSE-External-Clock-Source
PH0\ -\ OSC_IN.Signal=RCC_OSC_IN
PH1\ -\ OSC_OUT.Mode=HSE-External-Clock-Source
PH1\ -\ OSC_OUT.Signal=RCC_OSC_OUT
PinOutPanel.RotationAngle=0
ProjectManager.AskForMigrate=true
ProjectManager.BackupPrevious=false
ProjectManager.CompilerOptimize=6
ProjectManager.ComputerToolchain=false
ProjectManager.CoupleFile=true
ProjectManager.CustomerFirmwarePackage=
ProjectManager.DefaultFWLocation=true
ProjectManager.DeletePrevious=true
ProjectManager.DeviceId=STM32F413VGTx
ProjectManager.FirmwarePackage=STM32Cube FW_F4 V1.25.2
ProjectManager.FreePins=false
ProjectManager.HalAssertFull=false
ProjectManager.HeapSize=0x200
ProjectManager.KeepUserCode=true
ProjectManager.LastFirmware=true
ProjectManager.LibraryCopy=1
ProjectManager.MainLocation=Core/Src
ProjectManager.NoMain=false
ProjectManager.PreviousToolchain=SW4STM32
ProjectManager.ProjectBuild=false
ProjectManager.ProjectFileName=App.ioc
ProjectManager.ProjectName=App
ProjectManager.RegisterCallBack=
ProjectManager.StackSize=0x400
ProjectManager.TargetToolchain=SW4STM32
ProjectManager.ToolChainLocation=
ProjectManager.UnderRoot=true
ProjectManager.functionlistsort=1-MX_GPIO_Init-GPIO-false-HAL-true,2-MX_DMA_Init-DMA-false-HAL-true,3-SystemClock_Config-RCC-false-HAL-false,4-MX_CAN1_Init-CAN1-false-HAL-true,5-MX_IWDG_Init-IWDG-false-HAL-true,6-MX_TIM3_Init-TIM3-false-HAL-true,7-MX_USART2_UART_Init-USART2-false-HAL-true,8-MX_SPI1_Init-SPI1-false-HAL-true,9-MX_SPI2_Init-SPI2-false-HAL-true,10-MX_SPI4_Init-SPI4-false-HAL-true,11-MX_USART6_UART_Init-USART6-false-HAL-true,12-MX_USART1_UART_Init-USART1-false-HAL-true,13-MX_UART8_Init-UART8-false-HAL-true,14-MX_RNG_Init-RNG-false-HAL-true
RCC.AHBFreq_Value=96000000
RCC.APB1CLKDivider=RCC_HCLK_DIV2
RCC.APB1Freq_Value=48000000
RCC.APB1TimFreq_Value=96000000
RCC.APB2Freq_Value=96000000
RCC.APB2TimFreq_Value=96000000
RCC.CortexFreq_Value=96000000
RCC.DFSDM2Freq_Value=96000000
RCC.DFSDMFreq_Value=96000000
RCC.FCLKCortexFreq_Value=96000000
RCC.FMPI2C1Freq_Value=48000000
RCC.FamilyName=M
RCC.HCLKFreq_Value=96000000
RCC.HSE_VALUE=19200000
RCC.IPParameters=AHBFreq_Value,APB1CLKDivider,APB1Freq_Value,APB1TimFreq_Value,APB2Freq_Value,APB2TimFreq_Value,CortexFreq_Value,DFSDM2Freq_Value,DFSDMFreq_Value,FCLKCortexFreq_Value,FMPI2C1Freq_Value,FamilyName,HCLKFreq_Value,HSE_VALUE,LPTimerFreq_Value,MCO2PinFreq_Value,PLLCLKFreq_Value,PLLI2SRCLKFreq_Value,PLLM,PLLN,PLLQ,PLLQCLKFreq_Value,PLLQoutputFreq_Value,PLLRCLKFreq_Value,PLLRoutputFreq_Value,PWRFreq_Value,RNGFreq_Value,SAI1AFreq_Value,SAI1BFreq_Value,SDIOFreq_Value,SYSCLKFreq_VALUE,SYSCLKSource,USBFreq_Value,VCOI2SInputFreq_Value,VCOI2SOutputFreq_Value,VCOInputFreq_Value,VCOOutputFreq_Value
RCC.LPTimerFreq_Value=48000000
RCC.MCO2PinFreq_Value=96000000
RCC.PLLCLKFreq_Value=96000000
RCC.PLLI2SRCLKFreq_Value=96000000
RCC.PLLM=8
RCC.PLLN=96
RCC.PLLQ=4
RCC.PLLQCLKFreq_Value=48000000
RCC.PLLQoutputFreq_Value=48000000
RCC.PLLRCLKFreq_Value=96000000
RCC.PLLRoutputFreq_Value=96000000
RCC.PWRFreq_Value=96000000
RCC.RNGFreq_Value=48000000
RCC.SAI1AFreq_Value=16000000
RCC.SAI1BFreq_Value=16000000
RCC.SDIOFreq_Value=48000000
RCC.SYSCLKFreq_VALUE=96000000
RCC.SYSCLKSource=RCC_SYSCLKSOURCE_PLLCLK
RCC.USBFreq_Value=48000000
RCC.VCOI2SInputFreq_Value=1000000
RCC.VCOI2SOutputFreq_Value=192000000
RCC.VCOInputFreq_Value=2000000
RCC.VCOOutputFreq_Value=192000000
SH.GPXTI0.0=GPIO_EXTI0
SH.GPXTI0.ConfNb=1
SH.GPXTI1.0=GPIO_EXTI1
SH.GPXTI1.ConfNb=1
SH.S_TIM3_CH3.0=TIM3_CH3,PWM Generation3 CH3
SH.S_TIM3_CH3.ConfNb=1
SPI1.BaudRatePrescaler=SPI_BAUDRATEPRESCALER_32
SPI1.CalculateBaudRate=3.0 MBits/s
SPI1.Direction=SPI_DIRECTION_2LINES
SPI1.IPParameters=VirtualType,Mode,Direction,CalculateBaudRate,BaudRatePrescaler
SPI1.Mode=SPI_MODE_MASTER
SPI1.VirtualType=VM_MASTER
SPI2.BaudRatePrescaler=SPI_BAUDRATEPRESCALER_4
SPI2.CalculateBaudRate=12.0 MBits/s
SPI2.Direction=SPI_DIRECTION_2LINES
SPI2.IPParameters=VirtualType,Mode,Direction,CalculateBaudRate,BaudRatePrescaler
SPI2.Mode=SPI_MODE_MASTER
SPI2.VirtualType=VM_MASTER
SPI4.BaudRatePrescaler=SPI_BAUDRATEPRESCALER_16
SPI4.CalculateBaudRate=6.0 MBits/s
SPI4.Direction=SPI_DIRECTION_2LINES
SPI4.IPParameters=VirtualType,Mode,Direction,CalculateBaudRate,BaudRatePrescaler
SPI4.Mode=SPI_MODE_MASTER
SPI4.VirtualType=VM_MASTER
TIM3.AutoReloadPreload=TIM_AUTORELOAD_PRELOAD_ENABLE
TIM3.Channel-PWM\ Generation3\ CH3=TIM_CHANNEL_3
TIM3.IPParameters=Channel-PWM Generation3 CH3,Prescaler,Period,AutoReloadPreload,Pulse-PWM Generation3 CH3
TIM3.Period=640
TIM3.Prescaler=4000
TIM3.Pulse-PWM\ Generation3\ CH3=2
UART8.IPParameters=VirtualMode
UART8.VirtualMode=Asynchronous
USART1.IPParameters=VirtualMode
USART1.VirtualMode=VM_ASYNC
USART2.IPParameters=VirtualMode
USART2.VirtualMode=VM_ASYNC
USART6.IPParameters=VirtualMode
USART6.VirtualMode=VM_ASYNC
VP_IWDG_VS_IWDG.Mode=IWDG_Activate
VP_IWDG_VS_IWDG.Signal=IWDG_VS_IWDG
VP_RNG_VS_RNG.Mode=RNG_Activate
VP_RNG_VS_RNG.Signal=RNG_VS_RNG
VP_SYS_VS_Systick.Mode=SysTick
VP_SYS_VS_Systick.Signal=SYS_VS_Systick
VP_TIM3_VS_ClockSourceINT.Mode=Internal
VP_TIM3_VS_ClockSourceINT.Signal=TIM3_VS_ClockSourceINT
board=custom
